
Microsoft Visual Studio Solution File, Format Version 12.00
# Visual Studio Version 17
VisualStudioVersion = 17.8.34330.188
MinimumVisualStudioVersion = 10.0.40219.1
Project("{FAE04EC0-301F-11D3-BF4B-00C04F79EFBC}") = "WpfComplexiteit", "WpfComplexiteit\WpfComplexiteit.csproj", "{493C9B24-F879-45C0-9752-62D5003F1C70}"
EndProject
Global
	GlobalSection(SolutionConfigurationPlatforms) = preSolution
		Debug|Any CPU = Debug|Any CPU
		Release|Any CPU = Release|Any CPU
	EndGlobalSection
	GlobalSection(ProjectConfigurationPlatforms) = postSolution
		{493C9B24-F879-45C0-9752-62D5003F1C70}.Debug|Any CPU.ActiveCfg = Debug|Any CPU
		{493C9B24-F879-45C0-9752-62D5003F1C70}.Debug|Any CPU.Build.0 = Debug|Any CPU
		{493C9B24-F879-45C0-9752-62D5003F1C70}.Release|Any CPU.ActiveCfg = Release|Any CPU
		{493C9B24-F879-45C0-9752-62D5003F1C70}.Release|Any CPU.Build.0 = Release|Any CPU
	EndGlobalSection
	GlobalSection(SolutionProperties) = preSolution
		HideSolutionNode = FALSE
	EndGlobalSection
	GlobalSection(ExtensibilityGlobals) = postSolution
		SolutionGuid = {EA7335EC-8D9E-4F38-8C2B-18CFF94F36B0}
	EndGlobalSection
EndGlobal
